
Microsoft Visual Studio Solution File, Format Version 12.00
# Visual Studio Version 16
VisualStudioVersion = 16.0.29519.87
MinimumVisualStudioVersion = 10.0.40219.1
Project("{2150E333-8FDC-42A3-9474-1A3956D46DE8}") = "01 MTM_Framework 基础模块", "01 MTM_Framework 基础模块", "{696C9F90-19D3-431E-B2E3-726C4CBA977A}"
EndProject
Project("{2150E333-8FDC-42A3-9474-1A3956D46DE8}") = "01 Util  工具模块", "01 Util  工具模块", "{E4736F15-4D2D-4141-B698-8BCF17A6A4EF}"
EndProject
Project("{2150E333-8FDC-42A3-9474-1A3956D46DE8}") = "02 Cache 缓存模块", "02 Cache 缓存模块", "{0FB36411-DF5A-41D2-9869-A4F09DEA5B27}"
EndProject
Project("{9A19103F-16F7-4668-BE54-9A1E7A4F7556}") = "MTM.Cache.Base", "01 Framework 基础模块\02 Cache缓存模块\MTM.Cache.Base\MTM.Cache.Base.csproj", "{D0506056-9839-4A85-8F86-5875F776A6EE}"
EndProject
Project("{9A19103F-16F7-4668-BE54-9A1E7A4F7556}") = "MTM.Cache.Redis", "01 Framework 基础模块\02 Cache缓存模块\MTM.Cache.Redis\MTM.Cache.Redis.csproj", "{752D7216-D7D0-4320-8E2A-1E53725E10B6}"
EndProject
Project("{9A19103F-16F7-4668-BE54-9A1E7A4F7556}") = "MTM.Cache.Repository", "01 Framework 基础模块\02 Cache缓存模块\MTM.Cache.Respority\MTM.Cache.Repository.csproj", "{6DC0F7F8-EF4E-41FC-87EE-EE46DFB6E9D9}"
EndProject
Project("{9A19103F-16F7-4668-BE54-9A1E7A4F7556}") = "MTM.Util.Common", "..\MTM.Util.Common\MTM.Util.Common.csproj", "{FA5F822B-691A-43B3-BE5D-C6B426FB5294}"
EndProject
Project("{9A19103F-16F7-4668-BE54-9A1E7A4F7556}") = "MTM.Util.File", "..\MTM.Util.File\MTM.Util.File.csproj", "{FE0BBCB0-FB01-4023-9010-4151FA3EF09F}"
EndProject
Project("{9A19103F-16F7-4668-BE54-9A1E7A4F7556}") = "MTM.Util.Login", "..\MTM.Util.Login\MTM.Util.Login.csproj", "{705A2141-4328-44DF-A169-4E4C5084E16E}"
EndProject
Project("{2150E333-8FDC-42A3-9474-1A3956D46DE8}") = "03 Log 日志模块", "03 Log 日志模块", "{D1965651-45E7-41E8-89A8-928BA6108AFE}"
EndProject
Project("{9A19103F-16F7-4668-BE54-9A1E7A4F7556}") = "MTM.Log.Base", "01 Framework 基础模块\03 Log 日志模块\MTM.Log.Base\MTM.Log.Base.csproj", "{994F4F44-AAB1-4533-8AD9-564CDF069591}"
EndProject
Project("{2150E333-8FDC-42A3-9474-1A3956D46DE8}") = "02 MTM_ApplicationModule 应用模块", "02 MTM_ApplicationModule 应用模块", "{6E1A9A39-6634-4066-BA95-06404E3EDDB9}"
EndProject
Project("{2150E333-8FDC-42A3-9474-1A3956D46DE8}") = "03 MTM_Server 服务模块", "03 MTM_Server 服务模块", "{7458CFDA-B450-483D-A420-E46C2A23252B}"
EndProject
Project("{2150E333-8FDC-42A3-9474-1A3956D46DE8}") = "04 MTM_Application 界面模块", "04 MTM_Application 界面模块", "{5A7649A5-F0F1-45E8-A83A-73FC739BA8FC}"
EndProject
Project("{2150E333-8FDC-42A3-9474-1A3956D46DE8}") = "05 MTM_Pay 支付模块", "05 MTM_Pay 支付模块", "{7E0C67A6-D6C9-48BD-9B43-A4931126883D}"
EndProject
Project("{2150E333-8FDC-42A3-9474-1A3956D46DE8}") = "01 微信支付", "01 微信支付", "{DFD42D29-AD8D-4E96-A4CA-09EC54BCB771}"
EndProject
Project("{2150E333-8FDC-42A3-9474-1A3956D46DE8}") = "02 支付宝支付", "02 支付宝支付", "{AEEE05BC-6585-45E1-AD2F-3A4803411B4A}"
EndProject
Project("{9A19103F-16F7-4668-BE54-9A1E7A4F7556}") = "MTM.Pay.ZFB", "05 MTM_Pay 支付模块\02 支付宝支付\MTM.Pay.ZFB\MTM.Pay.ZFB.csproj", "{AC8ED0CA-448E-49A9-A027-AAFAB7BF1C99}"
EndProject
Project("{9A19103F-16F7-4668-BE54-9A1E7A4F7556}") = "MTM.Pay.WX", "05 MTM_Pay 支付模块\01 微信支付\MTM.Pay.WX\MTM.Pay.WX.csproj", "{9D9664EC-A88E-448D-9361-5E9113FD6272}"
EndProject
Project("{2150E333-8FDC-42A3-9474-1A3956D46DE8}") = "01 Quartz 定时服务", "01 Quartz 定时服务", "{E7E02591-F1D3-49B8-BB6E-AEAF816319E9}"
EndProject
Project("{2150E333-8FDC-42A3-9474-1A3956D46DE8}") = "02 Message 短信模块", "02 Message 短信模块", "{BDAB722E-B8EE-4251-99AA-110EBBB9FC20}"
EndProject
Project("{9A19103F-16F7-4668-BE54-9A1E7A4F7556}") = "MTM.Server.Quartz", "03 MTM_Server 服务模块\01 Quartz 定时服务\MTM.Server.Quarter\MTM.Server.Quartz.csproj", "{9CA382BF-E9F3-472F-B2D3-456CD7B7E9F8}"
EndProject
Project("{2150E333-8FDC-42A3-9474-1A3956D46DE8}") = "04 DataBase 数据库模块", "04 DataBase 数据库模块", "{805E7CDC-BC5E-472B-AAC5-6660FDDCBC24}"
EndProject
Project("{9A19103F-16F7-4668-BE54-9A1E7A4F7556}") = "MTM.DataBase", "01 Framework 基础模块\04 DataBase 数据库模块\MTM.DataBase\MTM.DataBase.csproj", "{95F09427-6DB6-4407-9146-ABA0F9A2E2EF}"
EndProject
Project("{9A19103F-16F7-4668-BE54-9A1E7A4F7556}") = "MTM.DataBase.MySql", "01 Framework 基础模块\04 DataBase 数据库模块\MTM.DataBase.MySql\MTM.DataBase.MySql.csproj", "{94E3A8F0-EF49-4F6B-B770-7FC908C549F4}"
EndProject
Project("{9A19103F-16F7-4668-BE54-9A1E7A4F7556}") = "MTM.DataBase.Oracle", "01 Framework 基础模块\04 DataBase 数据库模块\MTM.DataBase.Oracle\MTM.DataBase.Oracle.csproj", "{84DFE635-9733-4639-854F-BC3D98AF5AF1}"
EndProject
Project("{9A19103F-16F7-4668-BE54-9A1E7A4F7556}") = "MTM.DataBase.Repository", "01 Framework 基础模块\04 DataBase 数据库模块\MTM.DataBase.Repository\MTM.DataBase.Repository.csproj", "{D6C13299-4C3C-4EEA-A99C-73010F4F7AAA}"
EndProject
Project("{9A19103F-16F7-4668-BE54-9A1E7A4F7556}") = "MTM.DataBase.SqlServer", "01 Framework 基础模块\04 DataBase 数据库模块\MTM.DB.SqlServer\MTM.DataBase.SqlServer.csproj", "{976A08DA-8E0D-4102-9700-E9297A6C720A}"
EndProject
Project("{9A19103F-16F7-4668-BE54-9A1E7A4F7556}") = "MTM.Applicaiton.Web", "MTM.Applicaiton.Web\MTM.Applicaiton.Web.csproj", "{B477A01D-5060-41CF-A7B8-165BEF47D6A5}"
EndProject
Project("{2150E333-8FDC-42A3-9474-1A3956D46DE8}") = "02 二次开发", "02 二次开发", "{06596F29-B5EE-4BDE-B7F2-9FA6DBD4C357}"
EndProject
Project("{2150E333-8FDC-42A3-9474-1A3956D46DE8}") = "01 框架基础", "01 框架基础", "{237F9A75-C27B-48D9-A976-431BD8ED6D62}"
EndProject
Global
	GlobalSection(SolutionConfigurationPlatforms) = preSolution
		Debug|Any CPU = Debug|Any CPU
		Release|Any CPU = Release|Any CPU
	EndGlobalSection
	GlobalSection(ProjectConfigurationPlatforms) = postSolution
		{D0506056-9839-4A85-8F86-5875F776A6EE}.Debug|Any CPU.ActiveCfg = Debug|Any CPU
		{D0506056-9839-4A85-8F86-5875F776A6EE}.Debug|Any CPU.Build.0 = Debug|Any CPU
		{D0506056-9839-4A85-8F86-5875F776A6EE}.Release|Any CPU.ActiveCfg = Release|Any CPU
		{D0506056-9839-4A85-8F86-5875F776A6EE}.Release|Any CPU.Build.0 = Release|Any CPU
		{752D7216-D7D0-4320-8E2A-1E53725E10B6}.Debug|Any CPU.ActiveCfg = Debug|Any CPU
		{752D7216-D7D0-4320-8E2A-1E53725E10B6}.Debug|Any CPU.Build.0 = Debug|Any CPU
		{752D7216-D7D0-4320-8E2A-1E53725E10B6}.Release|Any CPU.ActiveCfg = Release|Any CPU
		{752D7216-D7D0-4320-8E2A-1E53725E10B6}.Release|Any CPU.Build.0 = Release|Any CPU
		{6DC0F7F8-EF4E-41FC-87EE-EE46DFB6E9D9}.Debug|Any CPU.ActiveCfg = Debug|Any CPU
		{6DC0F7F8-EF4E-41FC-87EE-EE46DFB6E9D9}.Debug|Any CPU.Build.0 = Debug|Any CPU
		{6DC0F7F8-EF4E-41FC-87EE-EE46DFB6E9D9}.Release|Any CPU.ActiveCfg = Release|Any CPU
		{6DC0F7F8-EF4E-41FC-87EE-EE46DFB6E9D9}.Release|Any CPU.Build.0 = Release|Any CPU
		{FA5F822B-691A-43B3-BE5D-C6B426FB5294}.Debug|Any CPU.ActiveCfg = Debug|Any CPU
		{FA5F822B-691A-43B3-BE5D-C6B426FB5294}.Debug|Any CPU.Build.0 = Debug|Any CPU
		{FA5F822B-691A-43B3-BE5D-C6B426FB5294}.Release|Any CPU.ActiveCfg = Release|Any CPU
		{FA5F822B-691A-43B3-BE5D-C6B426FB5294}.Release|Any CPU.Build.0 = Release|Any CPU
		{FE0BBCB0-FB01-4023-9010-4151FA3EF09F}.Debug|Any CPU.ActiveCfg = Debug|Any CPU
		{FE0BBCB0-FB01-4023-9010-4151FA3EF09F}.Debug|Any CPU.Build.0 = Debug|Any CPU
		{FE0BBCB0-FB01-4023-9010-4151FA3EF09F}.Release|Any CPU.ActiveCfg = Release|Any CPU
		{FE0BBCB0-FB01-4023-9010-4151FA3EF09F}.Release|Any CPU.Build.0 = Release|Any CPU
		{705A2141-4328-44DF-A169-4E4C5084E16E}.Debug|Any CPU.ActiveCfg = Debug|Any CPU
		{705A2141-4328-44DF-A169-4E4C5084E16E}.Debug|Any CPU.Build.0 = Debug|Any CPU
		{705A2141-4328-44DF-A169-4E4C5084E16E}.Release|Any CPU.ActiveCfg = Release|Any CPU
		{705A2141-4328-44DF-A169-4E4C5084E16E}.Release|Any CPU.Build.0 = Release|Any CPU
		{994F4F44-AAB1-4533-8AD9-564CDF069591}.Debug|Any CPU.ActiveCfg = Debug|Any CPU
		{994F4F44-AAB1-4533-8AD9-564CDF069591}.Debug|Any CPU.Build.0 = Debug|Any CPU
		{994F4F44-AAB1-4533-8AD9-564CDF069591}.Release|Any CPU.ActiveCfg = Release|Any CPU
		{994F4F44-AAB1-4533-8AD9-564CDF069591}.Release|Any CPU.Build.0 = Release|Any CPU
		{AC8ED0CA-448E-49A9-A027-AAFAB7BF1C99}.Debug|Any CPU.ActiveCfg = Debug|Any CPU
		{AC8ED0CA-448E-49A9-A027-AAFAB7BF1C99}.Debug|Any CPU.Build.0 = Debug|Any CPU
		{AC8ED0CA-448E-49A9-A027-AAFAB7BF1C99}.Release|Any CPU.ActiveCfg = Release|Any CPU
		{AC8ED0CA-448E-49A9-A027-AAFAB7BF1C99}.Release|Any CPU.Build.0 = Release|Any CPU
		{9D9664EC-A88E-448D-9361-5E9113FD6272}.Debug|Any CPU.ActiveCfg = Debug|Any CPU
		{9D9664EC-A88E-448D-9361-5E9113FD6272}.Debug|Any CPU.Build.0 = Debug|Any CPU
		{9D9664EC-A88E-448D-9361-5E9113FD6272}.Release|Any CPU.ActiveCfg = Release|Any CPU
		{9D9664EC-A88E-448D-9361-5E9113FD6272}.Release|Any CPU.Build.0 = Release|Any CPU
		{9CA382BF-E9F3-472F-B2D3-456CD7B7E9F8}.Debug|Any CPU.ActiveCfg = Debug|Any CPU
		{9CA382BF-E9F3-472F-B2D3-456CD7B7E9F8}.Debug|Any CPU.Build.0 = Debug|Any CPU
		{9CA382BF-E9F3-472F-B2D3-456CD7B7E9F8}.Release|Any CPU.ActiveCfg = Release|Any CPU
		{9CA382BF-E9F3-472F-B2D3-456CD7B7E9F8}.Release|Any CPU.Build.0 = Release|Any CPU
		{95F09427-6DB6-4407-9146-ABA0F9A2E2EF}.Debug|Any CPU.ActiveCfg = Debug|Any CPU
		{95F09427-6DB6-4407-9146-ABA0F9A2E2EF}.Debug|Any CPU.Build.0 = Debug|Any CPU
		{95F09427-6DB6-4407-9146-ABA0F9A2E2EF}.Release|Any CPU.ActiveCfg = Release|Any CPU
		{95F09427-6DB6-4407-9146-ABA0F9A2E2EF}.Release|Any CPU.Build.0 = Release|Any CPU
		{94E3A8F0-EF49-4F6B-B770-7FC908C549F4}.Debug|Any CPU.ActiveCfg = Debug|Any CPU
		{94E3A8F0-EF49-4F6B-B770-7FC908C549F4}.Debug|Any CPU.Build.0 = Debug|Any CPU
		{94E3A8F0-EF49-4F6B-B770-7FC908C549F4}.Release|Any CPU.ActiveCfg = Release|Any CPU
		{94E3A8F0-EF49-4F6B-B770-7FC908C549F4}.Release|Any CPU.Build.0 = Release|Any CPU
		{84DFE635-9733-4639-854F-BC3D98AF5AF1}.Debug|Any CPU.ActiveCfg = Debug|Any CPU
		{84DFE635-9733-4639-854F-BC3D98AF5AF1}.Debug|Any CPU.Build.0 = Debug|Any CPU
		{84DFE635-9733-4639-854F-BC3D98AF5AF1}.Release|Any CPU.ActiveCfg = Release|Any CPU
		{84DFE635-9733-4639-854F-BC3D98AF5AF1}.Release|Any CPU.Build.0 = Release|Any CPU
		{D6C13299-4C3C-4EEA-A99C-73010F4F7AAA}.Debug|Any CPU.ActiveCfg = Debug|Any CPU
		{D6C13299-4C3C-4EEA-A99C-73010F4F7AAA}.Debug|Any CPU.Build.0 = Debug|Any CPU
		{D6C13299-4C3C-4EEA-A99C-73010F4F7AAA}.Release|Any CPU.ActiveCfg = Release|Any CPU
		{D6C13299-4C3C-4EEA-A99C-73010F4F7AAA}.Release|Any CPU.Build.0 = Release|Any CPU
		{976A08DA-8E0D-4102-9700-E9297A6C720A}.Debug|Any CPU.ActiveCfg = Debug|Any CPU
		{976A08DA-8E0D-4102-9700-E9297A6C720A}.Debug|Any CPU.Build.0 = Debug|Any CPU
		{976A08DA-8E0D-4102-9700-E9297A6C720A}.Release|Any CPU.ActiveCfg = Release|Any CPU
		{976A08DA-8E0D-4102-9700-E9297A6C720A}.Release|Any CPU.Build.0 = Release|Any CPU
		{B477A01D-5060-41CF-A7B8-165BEF47D6A5}.Debug|Any CPU.ActiveCfg = Debug|Any CPU
		{B477A01D-5060-41CF-A7B8-165BEF47D6A5}.Debug|Any CPU.Build.0 = Debug|Any CPU
		{B477A01D-5060-41CF-A7B8-165BEF47D6A5}.Release|Any CPU.ActiveCfg = Release|Any CPU
		{B477A01D-5060-41CF-A7B8-165BEF47D6A5}.Release|Any CPU.Build.0 = Release|Any CPU
	EndGlobalSection
	GlobalSection(SolutionProperties) = preSolution
		HideSolutionNode = FALSE
	EndGlobalSection
	GlobalSection(NestedProjects) = preSolution
		{E4736F15-4D2D-4141-B698-8BCF17A6A4EF} = {696C9F90-19D3-431E-B2E3-726C4CBA977A}
		{0FB36411-DF5A-41D2-9869-A4F09DEA5B27} = {696C9F90-19D3-431E-B2E3-726C4CBA977A}
		{D0506056-9839-4A85-8F86-5875F776A6EE} = {0FB36411-DF5A-41D2-9869-A4F09DEA5B27}
		{752D7216-D7D0-4320-8E2A-1E53725E10B6} = {0FB36411-DF5A-41D2-9869-A4F09DEA5B27}
		{6DC0F7F8-EF4E-41FC-87EE-EE46DFB6E9D9} = {0FB36411-DF5A-41D2-9869-A4F09DEA5B27}
		{FA5F822B-691A-43B3-BE5D-C6B426FB5294} = {E4736F15-4D2D-4141-B698-8BCF17A6A4EF}
		{FE0BBCB0-FB01-4023-9010-4151FA3EF09F} = {E4736F15-4D2D-4141-B698-8BCF17A6A4EF}
		{705A2141-4328-44DF-A169-4E4C5084E16E} = {E4736F15-4D2D-4141-B698-8BCF17A6A4EF}
		{D1965651-45E7-41E8-89A8-928BA6108AFE} = {696C9F90-19D3-431E-B2E3-726C4CBA977A}
		{994F4F44-AAB1-4533-8AD9-564CDF069591} = {D1965651-45E7-41E8-89A8-928BA6108AFE}
		{DFD42D29-AD8D-4E96-A4CA-09EC54BCB771} = {7E0C67A6-D6C9-48BD-9B43-A4931126883D}
		{AEEE05BC-6585-45E1-AD2F-3A4803411B4A} = {7E0C67A6-D6C9-48BD-9B43-A4931126883D}
		{AC8ED0CA-448E-49A9-A027-AAFAB7BF1C99} = {AEEE05BC-6585-45E1-AD2F-3A4803411B4A}
		{9D9664EC-A88E-448D-9361-5E9113FD6272} = {DFD42D29-AD8D-4E96-A4CA-09EC54BCB771}
		{E7E02591-F1D3-49B8-BB6E-AEAF816319E9} = {7458CFDA-B450-483D-A420-E46C2A23252B}
		{BDAB722E-B8EE-4251-99AA-110EBBB9FC20} = {7458CFDA-B450-483D-A420-E46C2A23252B}
		{9CA382BF-E9F3-472F-B2D3-456CD7B7E9F8} = {E7E02591-F1D3-49B8-BB6E-AEAF816319E9}
		{805E7CDC-BC5E-472B-AAC5-6660FDDCBC24} = {696C9F90-19D3-431E-B2E3-726C4CBA977A}
		{95F09427-6DB6-4407-9146-ABA0F9A2E2EF} = {805E7CDC-BC5E-472B-AAC5-6660FDDCBC24}
		{94E3A8F0-EF49-4F6B-B770-7FC908C549F4} = {805E7CDC-BC5E-472B-AAC5-6660FDDCBC24}
		{84DFE635-9733-4639-854F-BC3D98AF5AF1} = {805E7CDC-BC5E-472B-AAC5-6660FDDCBC24}
		{D6C13299-4C3C-4EEA-A99C-73010F4F7AAA} = {805E7CDC-BC5E-472B-AAC5-6660FDDCBC24}
		{976A08DA-8E0D-4102-9700-E9297A6C720A} = {805E7CDC-BC5E-472B-AAC5-6660FDDCBC24}
		{B477A01D-5060-41CF-A7B8-165BEF47D6A5} = {5A7649A5-F0F1-45E8-A83A-73FC739BA8FC}
		{06596F29-B5EE-4BDE-B7F2-9FA6DBD4C357} = {6E1A9A39-6634-4066-BA95-06404E3EDDB9}
		{237F9A75-C27B-48D9-A976-431BD8ED6D62} = {6E1A9A39-6634-4066-BA95-06404E3EDDB9}
	EndGlobalSection
	GlobalSection(ExtensibilityGlobals) = postSolution
		SolutionGuid = {CA9F838E-A918-4EED-92CA-5F4DED4A4DF4}
	EndGlobalSection
EndGlobal
