
Microsoft Visual Studio Solution File, Format Version 12.00
# Visual Studio Version 16
VisualStudioVersion = 16.0.29519.87
MinimumVisualStudioVersion = 10.0.40219.1
Project("{2150E333-8FDC-42A3-9474-1A3956D46DE8}") = "01 MTM_Framework 基础模块", "01 MTM_Framework 基础模块", "{696C9F90-19D3-431E-B2E3-726C4CBA977A}"
EndProject
Project("{2150E333-8FDC-42A3-9474-1A3956D46DE8}") = "01 Util  工具模块", "01 Util  工具模块", "{E4736F15-4D2D-4141-B698-8BCF17A6A4EF}"
EndProject
Project("{2150E333-8FDC-42A3-9474-1A3956D46DE8}") = "03 Log 日志模块", "03 Log 日志模块", "{D1965651-45E7-41E8-89A8-928BA6108AFE}"
EndProject
Project("{2150E333-8FDC-42A3-9474-1A3956D46DE8}") = "02 MTM_ApplicationModule 应用模块", "02 MTM_ApplicationModule 应用模块", "{6E1A9A39-6634-4066-BA95-06404E3EDDB9}"
EndProject
Project("{2150E333-8FDC-42A3-9474-1A3956D46DE8}") = "03 MTM_Server 服务模块", "03 MTM_Server 服务模块", "{7458CFDA-B450-483D-A420-E46C2A23252B}"
EndProject
Project("{2150E333-8FDC-42A3-9474-1A3956D46DE8}") = "04 MTM_Application 界面模块", "04 MTM_Application 界面模块", "{5A7649A5-F0F1-45E8-A83A-73FC739BA8FC}"
EndProject
Project("{2150E333-8FDC-42A3-9474-1A3956D46DE8}") = "05 MTM_Pay 支付模块", "05 MTM_Pay 支付模块", "{7E0C67A6-D6C9-48BD-9B43-A4931126883D}"
EndProject
Project("{2150E333-8FDC-42A3-9474-1A3956D46DE8}") = "01 微信支付", "01 微信支付", "{DFD42D29-AD8D-4E96-A4CA-09EC54BCB771}"
EndProject
Project("{2150E333-8FDC-42A3-9474-1A3956D46DE8}") = "02 支付宝支付", "02 支付宝支付", "{AEEE05BC-6585-45E1-AD2F-3A4803411B4A}"
EndProject
Project("{9A19103F-16F7-4668-BE54-9A1E7A4F7556}") = "MTM.Pay.ZFB", "05 MTM_Pay 支付模块\02 支付宝支付\MTM.Pay.ZFB\MTM.Pay.ZFB.csproj", "{AC8ED0CA-448E-49A9-A027-AAFAB7BF1C99}"
EndProject
Project("{9A19103F-16F7-4668-BE54-9A1E7A4F7556}") = "MTM.Pay.WX", "05 MTM_Pay 支付模块\01 微信支付\MTM.Pay.WX\MTM.Pay.WX.csproj", "{9D9664EC-A88E-448D-9361-5E9113FD6272}"
EndProject
Project("{2150E333-8FDC-42A3-9474-1A3956D46DE8}") = "01 Quartz 定时服务", "01 Quartz 定时服务", "{E7E02591-F1D3-49B8-BB6E-AEAF816319E9}"
EndProject
Project("{2150E333-8FDC-42A3-9474-1A3956D46DE8}") = "02 Message 短信模块", "02 Message 短信模块", "{BDAB722E-B8EE-4251-99AA-110EBBB9FC20}"
EndProject
Project("{9A19103F-16F7-4668-BE54-9A1E7A4F7556}") = "MTM.Server.Quartz", "03 MTM_Server 服务模块\01 Quartz 定时服务\MTM.Server.Quarter\MTM.Server.Quartz.csproj", "{9CA382BF-E9F3-472F-B2D3-456CD7B7E9F8}"
EndProject
Project("{2150E333-8FDC-42A3-9474-1A3956D46DE8}") = "04 DataBase 数据库模块", "04 DataBase 数据库模块", "{805E7CDC-BC5E-472B-AAC5-6660FDDCBC24}"
EndProject
Project("{2150E333-8FDC-42A3-9474-1A3956D46DE8}") = "02 二次开发", "02 二次开发", "{06596F29-B5EE-4BDE-B7F2-9FA6DBD4C357}"
EndProject
Project("{2150E333-8FDC-42A3-9474-1A3956D46DE8}") = "01 框架基础", "01 框架基础", "{237F9A75-C27B-48D9-A976-431BD8ED6D62}"
EndProject
Project("{2150E333-8FDC-42A3-9474-1A3956D46DE8}") = "02 Cache缓存模块", "02 Cache缓存模块", "{3C98389C-F5AF-4782-B136-2FF01907D6EB}"
EndProject
Project("{9A19103F-16F7-4668-BE54-9A1E7A4F7556}") = "MTM.DataBase.Base", "01 MTM_Framework 基础模块\04 DataBase 数据库模块\MTM.DataBase.Base\MTM.DataBase.Base.csproj", "{F60BF649-EECD-44F9-8466-E85C5D184DD7}"
EndProject
Project("{9A19103F-16F7-4668-BE54-9A1E7A4F7556}") = "MTM.DataBase.Oracle", "01 MTM_Framework 基础模块\04 DataBase 数据库模块\MTM.DataBase.Oracle\MTM.DataBase.Oracle.csproj", "{2D806C01-30AE-4837-91BD-105C2C06E08A}"
EndProject
Project("{9A19103F-16F7-4668-BE54-9A1E7A4F7556}") = "MTM.DataBase.Respority", "01 MTM_Framework 基础模块\04 DataBase 数据库模块\MTM.DataBase.Respority\MTM.DataBase.Respority.csproj", "{51867790-0EFE-41ED-A1B0-64EA855DEEDA}"
EndProject
Project("{9A19103F-16F7-4668-BE54-9A1E7A4F7556}") = "MTM.DataBse.MySql", "01 MTM_Framework 基础模块\04 DataBase 数据库模块\MTM.DataBse.MySql\MTM.DataBse.MySql.csproj", "{6F8FD0BF-B736-4083-BEBE-708E4A1F49E7}"
EndProject
Project("{9A19103F-16F7-4668-BE54-9A1E7A4F7556}") = "MTM.Log.Base", "01 MTM_Framework 基础模块\03 Log 日志模块\MTM.Log.Base\MTM.Log.Base.csproj", "{3B38A70E-B7DB-4C6B-9A5C-DF194B351515}"
EndProject
Project("{9A19103F-16F7-4668-BE54-9A1E7A4F7556}") = "MTM.Cache.Base", "01 MTM_Framework 基础模块\02 Cache缓存模块\MTM.Cache.Base\MTM.Cache.Base.csproj", "{459BFF0A-8B24-432A-8903-29827DEC059D}"
EndProject
Project("{9A19103F-16F7-4668-BE54-9A1E7A4F7556}") = "MTM.Cache.Factory", "01 MTM_Framework 基础模块\02 Cache缓存模块\MTM.Cache.Factory\MTM.Cache.Factory.csproj", "{81D43C4F-1A52-4F19-8368-85190AB525EA}"
EndProject
Project("{9A19103F-16F7-4668-BE54-9A1E7A4F7556}") = "MTM.Cache.Redis", "01 MTM_Framework 基础模块\02 Cache缓存模块\MTM.Cache.Respority\MTM.Cache.Redis.csproj", "{482ACECB-E461-4781-814F-87333F788999}"
EndProject
Project("{9A19103F-16F7-4668-BE54-9A1E7A4F7556}") = "MTM.Util.File", "01 MTM_Framework 基础模块\01 Util\MTM.Util\MTM.Util.File.csproj", "{D12C5FF3-E913-440B-AFD2-F6B03127905C}"
EndProject
Project("{9A19103F-16F7-4668-BE54-9A1E7A4F7556}") = "MTM.Util.Common", "01 MTM_Framework 基础模块\01 Util\MTM.Util.Common\MTM.Util.Common.csproj", "{2AF79013-2A3C-45BB-BCCF-7BFFC62E372C}"
EndProject
Project("{FAE04EC0-301F-11D3-BF4B-00C04F79EFBC}") = "MTM.Server.Message", "MTM.Server.Message\MTM.Server.Message.csproj", "{46153828-ED61-460D-98DF-415E63ABF12E}"
EndProject
Project("{FAE04EC0-301F-11D3-BF4B-00C04F79EFBC}") = "MTM.Application.Web", "MTM.Application.Web\MTM.Application.Web.csproj", "{59A6F895-FA19-4E97-923B-25D4999BD2A7}"
EndProject
Global
	GlobalSection(SolutionConfigurationPlatforms) = preSolution
		Debug|Any CPU = Debug|Any CPU
		Release|Any CPU = Release|Any CPU
	EndGlobalSection
	GlobalSection(ProjectConfigurationPlatforms) = postSolution
		{AC8ED0CA-448E-49A9-A027-AAFAB7BF1C99}.Debug|Any CPU.ActiveCfg = Debug|Any CPU
		{AC8ED0CA-448E-49A9-A027-AAFAB7BF1C99}.Debug|Any CPU.Build.0 = Debug|Any CPU
		{AC8ED0CA-448E-49A9-A027-AAFAB7BF1C99}.Release|Any CPU.ActiveCfg = Release|Any CPU
		{AC8ED0CA-448E-49A9-A027-AAFAB7BF1C99}.Release|Any CPU.Build.0 = Release|Any CPU
		{9D9664EC-A88E-448D-9361-5E9113FD6272}.Debug|Any CPU.ActiveCfg = Debug|Any CPU
		{9D9664EC-A88E-448D-9361-5E9113FD6272}.Debug|Any CPU.Build.0 = Debug|Any CPU
		{9D9664EC-A88E-448D-9361-5E9113FD6272}.Release|Any CPU.ActiveCfg = Release|Any CPU
		{9D9664EC-A88E-448D-9361-5E9113FD6272}.Release|Any CPU.Build.0 = Release|Any CPU
		{9CA382BF-E9F3-472F-B2D3-456CD7B7E9F8}.Debug|Any CPU.ActiveCfg = Debug|Any CPU
		{9CA382BF-E9F3-472F-B2D3-456CD7B7E9F8}.Debug|Any CPU.Build.0 = Debug|Any CPU
		{9CA382BF-E9F3-472F-B2D3-456CD7B7E9F8}.Release|Any CPU.ActiveCfg = Release|Any CPU
		{9CA382BF-E9F3-472F-B2D3-456CD7B7E9F8}.Release|Any CPU.Build.0 = Release|Any CPU
		{F60BF649-EECD-44F9-8466-E85C5D184DD7}.Debug|Any CPU.ActiveCfg = Debug|Any CPU
		{F60BF649-EECD-44F9-8466-E85C5D184DD7}.Debug|Any CPU.Build.0 = Debug|Any CPU
		{F60BF649-EECD-44F9-8466-E85C5D184DD7}.Release|Any CPU.ActiveCfg = Release|Any CPU
		{F60BF649-EECD-44F9-8466-E85C5D184DD7}.Release|Any CPU.Build.0 = Release|Any CPU
		{2D806C01-30AE-4837-91BD-105C2C06E08A}.Debug|Any CPU.ActiveCfg = Debug|Any CPU
		{2D806C01-30AE-4837-91BD-105C2C06E08A}.Debug|Any CPU.Build.0 = Debug|Any CPU
		{2D806C01-30AE-4837-91BD-105C2C06E08A}.Release|Any CPU.ActiveCfg = Release|Any CPU
		{2D806C01-30AE-4837-91BD-105C2C06E08A}.Release|Any CPU.Build.0 = Release|Any CPU
		{51867790-0EFE-41ED-A1B0-64EA855DEEDA}.Debug|Any CPU.ActiveCfg = Debug|Any CPU
		{51867790-0EFE-41ED-A1B0-64EA855DEEDA}.Debug|Any CPU.Build.0 = Debug|Any CPU
		{51867790-0EFE-41ED-A1B0-64EA855DEEDA}.Release|Any CPU.ActiveCfg = Release|Any CPU
		{51867790-0EFE-41ED-A1B0-64EA855DEEDA}.Release|Any CPU.Build.0 = Release|Any CPU
		{6F8FD0BF-B736-4083-BEBE-708E4A1F49E7}.Debug|Any CPU.ActiveCfg = Debug|Any CPU
		{6F8FD0BF-B736-4083-BEBE-708E4A1F49E7}.Debug|Any CPU.Build.0 = Debug|Any CPU
		{6F8FD0BF-B736-4083-BEBE-708E4A1F49E7}.Release|Any CPU.ActiveCfg = Release|Any CPU
		{6F8FD0BF-B736-4083-BEBE-708E4A1F49E7}.Release|Any CPU.Build.0 = Release|Any CPU
		{3B38A70E-B7DB-4C6B-9A5C-DF194B351515}.Debug|Any CPU.ActiveCfg = Debug|Any CPU
		{3B38A70E-B7DB-4C6B-9A5C-DF194B351515}.Debug|Any CPU.Build.0 = Debug|Any CPU
		{3B38A70E-B7DB-4C6B-9A5C-DF194B351515}.Release|Any CPU.ActiveCfg = Release|Any CPU
		{3B38A70E-B7DB-4C6B-9A5C-DF194B351515}.Release|Any CPU.Build.0 = Release|Any CPU
		{459BFF0A-8B24-432A-8903-29827DEC059D}.Debug|Any CPU.ActiveCfg = Debug|Any CPU
		{459BFF0A-8B24-432A-8903-29827DEC059D}.Debug|Any CPU.Build.0 = Debug|Any CPU
		{459BFF0A-8B24-432A-8903-29827DEC059D}.Release|Any CPU.ActiveCfg = Release|Any CPU
		{459BFF0A-8B24-432A-8903-29827DEC059D}.Release|Any CPU.Build.0 = Release|Any CPU
		{81D43C4F-1A52-4F19-8368-85190AB525EA}.Debug|Any CPU.ActiveCfg = Debug|Any CPU
		{81D43C4F-1A52-4F19-8368-85190AB525EA}.Debug|Any CPU.Build.0 = Debug|Any CPU
		{81D43C4F-1A52-4F19-8368-85190AB525EA}.Release|Any CPU.ActiveCfg = Release|Any CPU
		{81D43C4F-1A52-4F19-8368-85190AB525EA}.Release|Any CPU.Build.0 = Release|Any CPU
		{482ACECB-E461-4781-814F-87333F788999}.Debug|Any CPU.ActiveCfg = Debug|Any CPU
		{482ACECB-E461-4781-814F-87333F788999}.Debug|Any CPU.Build.0 = Debug|Any CPU
		{482ACECB-E461-4781-814F-87333F788999}.Release|Any CPU.ActiveCfg = Release|Any CPU
		{482ACECB-E461-4781-814F-87333F788999}.Release|Any CPU.Build.0 = Release|Any CPU
		{D12C5FF3-E913-440B-AFD2-F6B03127905C}.Debug|Any CPU.ActiveCfg = Debug|Any CPU
		{D12C5FF3-E913-440B-AFD2-F6B03127905C}.Debug|Any CPU.Build.0 = Debug|Any CPU
		{D12C5FF3-E913-440B-AFD2-F6B03127905C}.Release|Any CPU.ActiveCfg = Release|Any CPU
		{D12C5FF3-E913-440B-AFD2-F6B03127905C}.Release|Any CPU.Build.0 = Release|Any CPU
		{2AF79013-2A3C-45BB-BCCF-7BFFC62E372C}.Debug|Any CPU.ActiveCfg = Debug|Any CPU
		{2AF79013-2A3C-45BB-BCCF-7BFFC62E372C}.Debug|Any CPU.Build.0 = Debug|Any CPU
		{2AF79013-2A3C-45BB-BCCF-7BFFC62E372C}.Release|Any CPU.ActiveCfg = Release|Any CPU
		{2AF79013-2A3C-45BB-BCCF-7BFFC62E372C}.Release|Any CPU.Build.0 = Release|Any CPU
		{46153828-ED61-460D-98DF-415E63ABF12E}.Debug|Any CPU.ActiveCfg = Debug|Any CPU
		{46153828-ED61-460D-98DF-415E63ABF12E}.Debug|Any CPU.Build.0 = Debug|Any CPU
		{46153828-ED61-460D-98DF-415E63ABF12E}.Release|Any CPU.ActiveCfg = Release|Any CPU
		{46153828-ED61-460D-98DF-415E63ABF12E}.Release|Any CPU.Build.0 = Release|Any CPU
		{59A6F895-FA19-4E97-923B-25D4999BD2A7}.Debug|Any CPU.ActiveCfg = Debug|Any CPU
		{59A6F895-FA19-4E97-923B-25D4999BD2A7}.Debug|Any CPU.Build.0 = Debug|Any CPU
		{59A6F895-FA19-4E97-923B-25D4999BD2A7}.Release|Any CPU.ActiveCfg = Release|Any CPU
		{59A6F895-FA19-4E97-923B-25D4999BD2A7}.Release|Any CPU.Build.0 = Release|Any CPU
	EndGlobalSection
	GlobalSection(SolutionProperties) = preSolution
		HideSolutionNode = FALSE
	EndGlobalSection
	GlobalSection(NestedProjects) = preSolution
		{E4736F15-4D2D-4141-B698-8BCF17A6A4EF} = {696C9F90-19D3-431E-B2E3-726C4CBA977A}
		{D1965651-45E7-41E8-89A8-928BA6108AFE} = {696C9F90-19D3-431E-B2E3-726C4CBA977A}
		{DFD42D29-AD8D-4E96-A4CA-09EC54BCB771} = {7E0C67A6-D6C9-48BD-9B43-A4931126883D}
		{AEEE05BC-6585-45E1-AD2F-3A4803411B4A} = {7E0C67A6-D6C9-48BD-9B43-A4931126883D}
		{AC8ED0CA-448E-49A9-A027-AAFAB7BF1C99} = {AEEE05BC-6585-45E1-AD2F-3A4803411B4A}
		{9D9664EC-A88E-448D-9361-5E9113FD6272} = {DFD42D29-AD8D-4E96-A4CA-09EC54BCB771}
		{E7E02591-F1D3-49B8-BB6E-AEAF816319E9} = {7458CFDA-B450-483D-A420-E46C2A23252B}
		{BDAB722E-B8EE-4251-99AA-110EBBB9FC20} = {7458CFDA-B450-483D-A420-E46C2A23252B}
		{9CA382BF-E9F3-472F-B2D3-456CD7B7E9F8} = {E7E02591-F1D3-49B8-BB6E-AEAF816319E9}
		{805E7CDC-BC5E-472B-AAC5-6660FDDCBC24} = {696C9F90-19D3-431E-B2E3-726C4CBA977A}
		{06596F29-B5EE-4BDE-B7F2-9FA6DBD4C357} = {6E1A9A39-6634-4066-BA95-06404E3EDDB9}
		{237F9A75-C27B-48D9-A976-431BD8ED6D62} = {6E1A9A39-6634-4066-BA95-06404E3EDDB9}
		{3C98389C-F5AF-4782-B136-2FF01907D6EB} = {696C9F90-19D3-431E-B2E3-726C4CBA977A}
		{F60BF649-EECD-44F9-8466-E85C5D184DD7} = {805E7CDC-BC5E-472B-AAC5-6660FDDCBC24}
		{2D806C01-30AE-4837-91BD-105C2C06E08A} = {805E7CDC-BC5E-472B-AAC5-6660FDDCBC24}
		{51867790-0EFE-41ED-A1B0-64EA855DEEDA} = {805E7CDC-BC5E-472B-AAC5-6660FDDCBC24}
		{6F8FD0BF-B736-4083-BEBE-708E4A1F49E7} = {805E7CDC-BC5E-472B-AAC5-6660FDDCBC24}
		{3B38A70E-B7DB-4C6B-9A5C-DF194B351515} = {D1965651-45E7-41E8-89A8-928BA6108AFE}
		{459BFF0A-8B24-432A-8903-29827DEC059D} = {3C98389C-F5AF-4782-B136-2FF01907D6EB}
		{81D43C4F-1A52-4F19-8368-85190AB525EA} = {3C98389C-F5AF-4782-B136-2FF01907D6EB}
		{482ACECB-E461-4781-814F-87333F788999} = {3C98389C-F5AF-4782-B136-2FF01907D6EB}
		{D12C5FF3-E913-440B-AFD2-F6B03127905C} = {E4736F15-4D2D-4141-B698-8BCF17A6A4EF}
		{2AF79013-2A3C-45BB-BCCF-7BFFC62E372C} = {E4736F15-4D2D-4141-B698-8BCF17A6A4EF}
		{46153828-ED61-460D-98DF-415E63ABF12E} = {BDAB722E-B8EE-4251-99AA-110EBBB9FC20}
		{59A6F895-FA19-4E97-923B-25D4999BD2A7} = {5A7649A5-F0F1-45E8-A83A-73FC739BA8FC}
	EndGlobalSection
	GlobalSection(ExtensibilityGlobals) = postSolution
		SolutionGuid = {CA9F838E-A918-4EED-92CA-5F4DED4A4DF4}
	EndGlobalSection
EndGlobal
